// !$*UTF8*$!
{
	archiveVersion = 1;
	classes = {
	};
	objectVersion = 50;
	objects = {

/* Begin PBXBuildFile section */
		2905EC3E244FC1C600E7AEBB /* CommentsViewController.swift in Sources */ = {isa = PBXBuildFile; fileRef = 2905EC3D244FC1C600E7AEBB /* CommentsViewController.swift */; };
		2905EC40244FC2CE00E7AEBB /* CommentTableViewCell.swift in Sources */ = {isa = PBXBuildFile; fileRef = 2905EC3F244FC2CE00E7AEBB /* CommentTableViewCell.swift */; };
		2905EC42244FE13D00E7AEBB /* Comment.swift in Sources */ = {isa = PBXBuildFile; fileRef = 2905EC41244FE13D00E7AEBB /* Comment.swift */; };
		29E2B3E0244E15FE0085B6DB /* AppDelegate.swift in Sources */ = {isa = PBXBuildFile; fileRef = 29E2B3DF244E15FE0085B6DB /* AppDelegate.swift */; };
		29E2B3E2244E15FE0085B6DB /* SceneDelegate.swift in Sources */ = {isa = PBXBuildFile; fileRef = 29E2B3E1244E15FE0085B6DB /* SceneDelegate.swift */; };
		29E2B3E4244E15FE0085B6DB /* FeedViewController.swift in Sources */ = {isa = PBXBuildFile; fileRef = 29E2B3E3244E15FE0085B6DB /* FeedViewController.swift */; };
		29E2B3E7244E15FE0085B6DB /* Main.storyboard in Resources */ = {isa = PBXBuildFile; fileRef = 29E2B3E5244E15FE0085B6DB /* Main.storyboard */; };
		29E2B3E9244E16000085B6DB /* Assets.xcassets in Resources */ = {isa = PBXBuildFile; fileRef = 29E2B3E8244E16000085B6DB /* Assets.xcassets */; };
		29E2B3EC244E16000085B6DB /* LaunchScreen.storyboard in Resources */ = {isa = PBXBuildFile; fileRef = 29E2B3EA244E16000085B6DB /* LaunchScreen.storyboard */; };
		29E2B3F4244E180E0085B6DB /* Post.swift in Sources */ = {isa = PBXBuildFile; fileRef = 29E2B3F3244E180E0085B6DB /* Post.swift */; };
		29E2B3F6244E1F620085B6DB /* PostTableViewCell.swift in Sources */ = {isa = PBXBuildFile; fileRef = 29E2B3F5244E1F620085B6DB /* PostTableViewCell.swift */; };
		29E2B418244E3C0E0085B6DB /* NetworkManager.swift in Sources */ = {isa = PBXBuildFile; fileRef = 29E2B417244E3C0E0085B6DB /* NetworkManager.swift */; };
/* End PBXBuildFile section */

/* Begin PBXFileReference section */
		2905EC3D244FC1C600E7AEBB /* CommentsViewController.swift */ = {isa = PBXFileReference; lastKnownFileType = sourcecode.swift; path = CommentsViewController.swift; sourceTree = "<group>"; };
		2905EC3F244FC2CE00E7AEBB /* CommentTableViewCell.swift */ = {isa = PBXFileReference; lastKnownFileType = sourcecode.swift; path = CommentTableViewCell.swift; sourceTree = "<group>"; };
		2905EC41244FE13D00E7AEBB /* Comment.swift */ = {isa = PBXFileReference; lastKnownFileType = sourcecode.swift; path = Comment.swift; sourceTree = "<group>"; };
		29E2B3DC244E15FE0085B6DB /* ProductHunt.app */ = {isa = PBXFileReference; explicitFileType = wrapper.application; includeInIndex = 0; path = ProductHunt.app; sourceTree = BUILT_PRODUCTS_DIR; };
		29E2B3DF244E15FE0085B6DB /* AppDelegate.swift */ = {isa = PBXFileReference; lastKnownFileType = sourcecode.swift; path = AppDelegate.swift; sourceTree = "<group>"; };
		29E2B3E1244E15FE0085B6DB /* SceneDelegate.swift */ = {isa = PBXFileReference; lastKnownFileType = sourcecode.swift; path = SceneDelegate.swift; sourceTree = "<group>"; };
		29E2B3E3244E15FE0085B6DB /* FeedViewController.swift */ = {isa = PBXFileReference; lastKnownFileType = sourcecode.swift; path = FeedViewController.swift; sourceTree = "<group>"; };
		29E2B3E6244E15FE0085B6DB /* Base */ = {isa = PBXFileReference; lastKnownFileType = file.storyboard; name = Base; path = Base.lproj/Main.storyboard; sourceTree = "<group>"; };
		29E2B3E8244E16000085B6DB /* Assets.xcassets */ = {isa = PBXFileReference; lastKnownFileType = folder.assetcatalog; path = Assets.xcassets; sourceTree = "<group>"; };
		29E2B3EB244E16000085B6DB /* Base */ = {isa = PBXFileReference; lastKnownFileType = file.storyboard; name = Base; path = Base.lproj/LaunchScreen.storyboard; sourceTree = "<group>"; };
		29E2B3ED244E16000085B6DB /* Info.plist */ = {isa = PBXFileReference; lastKnownFileType = text.plist.xml; path = Info.plist; sourceTree = "<group>"; };
		29E2B3F3244E180E0085B6DB /* Post.swift */ = {isa = PBXFileReference; lastKnownFileType = sourcecode.swift; path = Post.swift; sourceTree = "<group>"; };
		29E2B3F5244E1F620085B6DB /* PostTableViewCell.swift */ = {isa = PBXFileReference; lastKnownFileType = sourcecode.swift; path = PostTableViewCell.swift; sourceTree = "<group>"; };
		29E2B417244E3C0E0085B6DB /* NetworkManager.swift */ = {isa = PBXFileReference; lastKnownFileType = sourcecode.swift; path = NetworkManager.swift; sourceTree = "<group>"; };
/* End PBXFileReference section */

/* Begin PBXFrameworksBuildPhase section */
		29E2B3D9244E15FE0085B6DB /* Frameworks */ = {
			isa = PBXFrameworksBuildPhase;
			buildActionMask = 2147483647;
			files = (
			);
			runOnlyForDeploymentPostprocessing = 0;
		};
/* End PBXFrameworksBuildPhase section */

/* Begin PBXGroup section */
		29E2B3D3244E15FE0085B6DB = {
			isa = PBXGroup;
			children = (
				29E2B3DE244E15FE0085B6DB /* ProductHunt */,
				29E2B3DD244E15FE0085B6DB /* Products */,
			);
			sourceTree = "<group>";
		};
		29E2B3DD244E15FE0085B6DB /* Products */ = {
			isa = PBXGroup;
			children = (
				29E2B3DC244E15FE0085B6DB /* ProductHunt.app */,
			);
			name = Products;
			sourceTree = "<group>";
		};
		29E2B3DE244E15FE0085B6DB /* ProductHunt */ = {
			isa = PBXGroup;
			children = (
				29E2B3F3244E180E0085B6DB /* Post.swift */,
				29E2B417244E3C0E0085B6DB /* NetworkManager.swift */,
				29E2B3DF244E15FE0085B6DB /* AppDelegate.swift */,
				29E2B3E1244E15FE0085B6DB /* SceneDelegate.swift */,
				2905EC3F244FC2CE00E7AEBB /* CommentTableViewCell.swift */,
				29E2B3E3244E15FE0085B6DB /* FeedViewController.swift */,
				2905EC3D244FC1C600E7AEBB /* CommentsViewController.swift */,
				2905EC41244FE13D00E7AEBB /* Comment.swift */,
				29E2B3E5244E15FE0085B6DB /* Main.storyboard */,
				29E2B3E8244E16000085B6DB /* Assets.xcassets */,
				29E2B3EA244E16000085B6DB /* LaunchScreen.storyboard */,
				29E2B3ED244E16000085B6DB /* Info.plist */,
				29E2B3F5244E1F620085B6DB /* PostTableViewCell.swift */,
			);
			path = ProductHunt;
			sourceTree = "<group>";
		};
/* End PBXGroup section */

/* Begin PBXNativeTarget section */
		29E2B3DB244E15FE0085B6DB /* ProductHunt */ = {
			isa = PBXNativeTarget;
			buildConfigurationList = 29E2B3F0244E16000085B6DB /* Build configuration list for PBXNativeTarget "ProductHunt" */;
			buildPhases = (
				29E2B3D8244E15FE0085B6DB /* Sources */,
				29E2B3D9244E15FE0085B6DB /* Frameworks */,
				29E2B3DA244E15FE0085B6DB /* Resources */,
			);
			buildRules = (
			);
			dependencies = (
			);
			name = ProductHunt;
			productName = ProductHunt;
			productReference = 29E2B3DC244E15FE0085B6DB /* ProductHunt.app */;
			productType = "com.apple.product-type.application";
		};
/* End PBXNativeTarget section */

/* Begin PBXProject section */
		29E2B3D4244E15FE0085B6DB /* Project object */ = {
			isa = PBXProject;
			attributes = {
				LastSwiftUpdateCheck = 1130;
				LastUpgradeCheck = 1130;
				ORGANIZATIONNAME = "Angelina Olmedo";
				TargetAttributes = {
					29E2B3DB244E15FE0085B6DB = {
						CreatedOnToolsVersion = 11.3.1;
					};
				};
			};
			buildConfigurationList = 29E2B3D7244E15FE0085B6DB /* Build configuration list for PBXProject "ProductHunt" */;
			compatibilityVersion = "Xcode 9.3";
			developmentRegion = en;
			hasScannedForEncodings = 0;
			knownRegions = (
				en,
				Base,
			);
			mainGroup = 29E2B3D3244E15FE0085B6DB;
			productRefGroup = 29E2B3DD244E15FE0085B6DB /* Products */;
			projectDirPath = "";
			projectRoot = "";
			targets = (
				29E2B3DB244E15FE0085B6DB /* ProductHunt */,
			);
		};
/* End PBXProject section */

/* Begin PBXResourcesBuildPhase section */
		29E2B3DA244E15FE0085B6DB /* Resources */ = {
			isa = PBXResourcesBuildPhase;
			buildActionMask = 2147483647;
			files = (
				29E2B3EC244E16000085B6DB /* LaunchScreen.storyboard in Resources */,
				29E2B3E9244E16000085B6DB /* Assets.xcassets in Resources */,
				29E2B3E7244E15FE0085B6DB /* Main.storyboard in Resources */,
			);
			runOnlyForDeploymentPostprocessing = 0;
		};
/* End PBXResourcesBuildPhase section */

/* Begin PBXSourcesBuildPhase section */
		29E2B3D8244E15FE0085B6DB /* Sources */ = {
			isa = PBXSourcesBuildPhase;
			buildActionMask = 2147483647;
			files = (
				29E2B418244E3C0E0085B6DB /* NetworkManager.swift in Sources */,
				29E2B3E4244E15FE0085B6DB /* FeedViewController.swift in Sources */,
				2905EC3E244FC1C600E7AEBB /* CommentsViewController.swift in Sources */,
				2905EC40244FC2CE00E7AEBB /* CommentTableViewCell.swift in Sources */,
				29E2B3E0244E15FE0085B6DB /* AppDelegate.swift in Sources */,
				29E2B3F6244E1F620085B6DB /* PostTableViewCell.swift in Sources */,
				29E2B3E2244E15FE0085B6DB /* SceneDelegate.swift in Sources */,
				2905EC42244FE13D00E7AEBB /* Comment.swift in Sources */,
				29E2B3F4244E180E0085B6DB /* Post.swift in Sources */,
			);
			runOnlyForDeploymentPostprocessing = 0;
		};
/* End PBXSourcesBuildPhase section */

/* Begin PBXVariantGroup section */
		29E2B3E5244E15FE0085B6DB /* Main.storyboard */ = {
			isa = PBXVariantGroup;
			children = (
				29E2B3E6244E15FE0085B6DB /* Base */,
			);
			name = Main.storyboard;
			sourceTree = "<group>";
		};
		29E2B3EA244E16000085B6DB /* LaunchScreen.storyboard */ = {
			isa = PBXVariantGroup;
			children = (
				29E2B3EB244E16000085B6DB /* Base */,
			);
			name = LaunchScreen.storyboard;
			sourceTree = "<group>";
		};
/* End PBXVariantGroup section */

/* Begin XCBuildConfiguration section */
		29E2B3EE244E16000085B6DB /* Debug */ = {
			isa = XCBuildConfiguration;
			buildSettings = {
				ALWAYS_SEARCH_USER_PATHS = NO;
				CLANG_ANALYZER_NONNULL = YES;
				CLANG_ANALYZER_NUMBER_OBJECT_CONVERSION = YES_AGGRESSIVE;
				CLANG_CXX_LANGUAGE_STANDARD = "gnu++14";
				CLANG_CXX_LIBRARY = "libc++";
				CLANG_ENABLE_MODULES = YES;
				CLANG_ENABLE_OBJC_ARC = YES;
				CLANG_ENABLE_OBJC_WEAK = YES;
				CLANG_WARN_BLOCK_CAPTURE_AUTORELEASING = YES;
				CLANG_WARN_BOOL_CONVERSION = YES;
				CLANG_WARN_COMMA = YES;
				CLANG_WARN_CONSTANT_CONVERSION = YES;
				CLANG_WARN_DEPRECATED_OBJC_IMPLEMENTATIONS = YES;
				CLANG_WARN_DIRECT_OBJC_ISA_USAGE = YES_ERROR;
				CLANG_WARN_DOCUMENTATION_COMMENTS = YES;
				CLANG_WARN_EMPTY_BODY = YES;
				CLANG_WARN_ENUM_CONVERSION = YES;
				CLANG_WARN_INFINITE_RECURSION = YES;
				CLANG_WARN_INT_CONVERSION = YES;
				CLANG_WARN_NON_LITERAL_NULL_CONVERSION = YES;
				CLANG_WARN_OBJC_IMPLICIT_RETAIN_SELF = YES;
				CLANG_WARN_OBJC_LITERAL_CONVERSION = YES;
				CLANG_WARN_OBJC_ROOT_CLASS = YES_ERROR;
				CLANG_WARN_RANGE_LOOP_ANALYSIS = YES;
				CLANG_WARN_STRICT_PROTOTYPES = YES;
				CLANG_WARN_SUSPICIOUS_MOVE = YES;
				CLANG_WARN_UNGUARDED_AVAILABILITY = YES_AGGRESSIVE;
				CLANG_WARN_UNREACHABLE_CODE = YES;
				CLANG_WARN__DUPLICATE_METHOD_MATCH = YES;
				COPY_PHASE_STRIP = NO;
				DEBUG_INFORMATION_FORMAT = dwarf;
				ENABLE_STRICT_OBJC_MSGSEND = YES;
				ENABLE_TESTABILITY = YES;
				GCC_C_LANGUAGE_STANDARD = gnu11;
				GCC_DYNAMIC_NO_PIC = NO;
				GCC_NO_COMMON_BLOCKS = YES;
				GCC_OPTIMIZATION_LEVEL = 0;
				GCC_PREPROCESSOR_DEFINITIONS = (
					"DEBUG=1",
					"$(inherited)",
				);
				GCC_WARN_64_TO_32_BIT_CONVERSION = YES;
				GCC_WARN_ABOUT_RETURN_TYPE = YES_ERROR;
				GCC_WARN_UNDECLARED_SELECTOR = YES;
				GCC_WARN_UNINITIALIZED_AUTOS = YES_AGGRESSIVE;
				GCC_WARN_UNUSED_FUNCTION = YES;
				GCC_WARN_UNUSED_VARIABLE = YES;
				IPHONEOS_DEPLOYMENT_TARGET = 13.2;
				MTL_ENABLE_DEBUG_INFO = INCLUDE_SOURCE;
				MTL_FAST_MATH = YES;
				ONLY_ACTIVE_ARCH = YES;
				SDKROOT = iphoneos;
				SWIFT_ACTIVE_COMPILATION_CONDITIONS = DEBUG;
				SWIFT_OPTIMIZATION_LEVEL = "-Onone";
			};
			name = Debug;
		};
		29E2B3EF244E16000085B6DB /* Release */ = {
			isa = XCBuildConfiguration;
			buildSettings = {
				ALWAYS_SEARCH_USER_PATHS = NO;
				CLANG_ANALYZER_NONNULL = YES;
				CLANG_ANALYZER_NUMBER_OBJECT_CONVERSION = YES_AGGRESSIVE;
				CLANG_CXX_LANGUAGE_STANDARD = "gnu++14";
				CLANG_CXX_LIBRARY = "libc++";
				CLANG_ENABLE_MODULES = YES;
				CLANG_ENABLE_OBJC_ARC = YES;
				CLANG_ENABLE_OBJC_WEAK = YES;
				CLANG_WARN_BLOCK_CAPTURE_AUTORELEASING = YES;
				CLANG_WARN_BOOL_CONVERSION = YES;
				CLANG_WARN_COMMA = YES;
				CLANG_WARN_CONSTANT_CONVERSION = YES;
				CLANG_WARN_DEPRECATED_OBJC_IMPLEMENTATIONS = YES;
				CLANG_WARN_DIRECT_OBJC_ISA_USAGE = YES_ERROR;
				CLANG_WARN_DOCUMENTATION_COMMENTS = YES;
				CLANG_WARN_EMPTY_BODY = YES;
				CLANG_WARN_ENUM_CONVERSION = YES;
				CLANG_WARN_INFINITE_RECURSION = YES;
				CLANG_WARN_INT_CONVERSION = YES;
				CLANG_WARN_NON_LITERAL_NULL_CONVERSION = YES;
				CLANG_WARN_OBJC_IMPLICIT_RETAIN_SELF = YES;
				CLANG_WARN_OBJC_LITERAL_CONVERSION = YES;
				CLANG_WARN_OBJC_ROOT_CLASS = YES_ERROR;
				CLANG_WARN_RANGE_LOOP_ANALYSIS = YES;
				CLANG_WARN_STRICT_PROTOTYPES = YES;
				CLANG_WARN_SUSPICIOUS_MOVE = YES;
				CLANG_WARN_UNGUARDED_AVAILABILITY = YES_AGGRESSIVE;
				CLANG_WARN_UNREACHABLE_CODE = YES;
				CLANG_WARN__DUPLICATE_METHOD_MATCH = YES;
				COPY_PHASE_STRIP = NO;
				DEBUG_INFORMATION_FORMAT = "dwarf-with-dsym";
				ENABLE_NS_ASSERTIONS = NO;
				ENABLE_STRICT_OBJC_MSGSEND = YES;
				GCC_C_LANGUAGE_STANDARD = gnu11;
				GCC_NO_COMMON_BLOCKS = YES;
				GCC_WARN_64_TO_32_BIT_CONVERSION = YES;
				GCC_WARN_ABOUT_RETURN_TYPE = YES_ERROR;
				GCC_WARN_UNDECLARED_SELECTOR = YES;
				GCC_WARN_UNINITIALIZED_AUTOS = YES_AGGRESSIVE;
				GCC_WARN_UNUSED_FUNCTION = YES;
				GCC_WARN_UNUSED_VARIABLE = YES;
				IPHONEOS_DEPLOYMENT_TARGET = 13.2;
				MTL_ENABLE_DEBUG_INFO = NO;
				MTL_FAST_MATH = YES;
				SDKROOT = iphoneos;
				SWIFT_COMPILATION_MODE = wholemodule;
				SWIFT_OPTIMIZATION_LEVEL = "-O";
				VALIDATE_PRODUCT = YES;
			};
			name = Release;
		};
		29E2B3F1244E16000085B6DB /* Debug */ = {
			isa = XCBuildConfiguration;
			buildSettings = {
				ASSETCATALOG_COMPILER_APPICON_NAME = AppIcon;
				CODE_SIGN_STYLE = Automatic;
				DEVELOPMENT_TEAM = U774TM88M6;
				INFOPLIST_FILE = ProductHunt/Info.plist;
				LD_RUNPATH_SEARCH_PATHS = (
					"$(inherited)",
					"@executable_path/Frameworks",
				);
				PRODUCT_BUNDLE_IDENTIFIER = com.makeschool.ProductHunt;
				PRODUCT_NAME = "$(TARGET_NAME)";
				SWIFT_VERSION = 5.0;
				TARGETED_DEVICE_FAMILY = "1,2";
			};
			name = Debug;
		};
		29E2B3F2244E16000085B6DB /* Release */ = {
			isa = XCBuildConfiguration;
			buildSettings = {
				ASSETCATALOG_COMPILER_APPICON_NAME = AppIcon;
				CODE_SIGN_STYLE = Automatic;
				DEVELOPMENT_TEAM = U774TM88M6;
				INFOPLIST_FILE = ProductHunt/Info.plist;
				LD_RUNPATH_SEARCH_PATHS = (
					"$(inherited)",
					"@executable_path/Frameworks",
				);
				PRODUCT_BUNDLE_IDENTIFIER = com.makeschool.ProductHunt;
				PRODUCT_NAME = "$(TARGET_NAME)";
				SWIFT_VERSION = 5.0;
				TARGETED_DEVICE_FAMILY = "1,2";
			};
			name = Release;
		};
/* End XCBuildConfiguration section */

/* Begin XCConfigurationList section */
		29E2B3D7244E15FE0085B6DB /* Build configuration list for PBXProject "ProductHunt" */ = {
			isa = XCConfigurationList;
			buildConfigurations = (
				29E2B3EE244E16000085B6DB /* Debug */,
				29E2B3EF244E16000085B6DB /* Release */,
			);
			defaultConfigurationIsVisible = 0;
			defaultConfigurationName = Release;
		};
		29E2B3F0244E16000085B6DB /* Build configuration list for PBXNativeTarget "ProductHunt" */ = {
			isa = XCConfigurationList;
			buildConfigurations = (
				29E2B3F1244E16000085B6DB /* Debug */,
				29E2B3F2244E16000085B6DB /* Release */,
			);
			defaultConfigurationIsVisible = 0;
			defaultConfigurationName = Release;
		};
/* End XCConfigurationList section */
	};
	rootObject = 29E2B3D4244E15FE0085B6DB /* Project object */;
}
